{
  "requires": true,
  "lockfileVersion": 1,
  "dependencies": {
    "asap": {
      "version": "2.0.6",
      "resolved": "https://registry.npmjs.org/asap/-/asap-2.0.6.tgz",
      "integrity": "sha1-5QNHYR1+aQlDIIu9r+vLwvuGbUY="
    },
    "date-utilz": {
      "version": "0.0.3",
      "resolved": "https://registry.npmjs.org/date-utilz/-/date-utilz-0.0.3.tgz",
      "integrity": "sha512-dXTX4tRENsRmn17GlOgrb3GIrNClZhE6Qw9tmWh5WjGJ/1FCallAJPbq3hbCqmQxISUsUx12dRGf9IziPw/HxQ==",
      "requires": {
        "string-utilz": "^1.4.0"
      }
    },
    "output-manager": {
      "version": "3.1.0",
      "resolved": "https://registry.npmjs.org/output-manager/-/output-manager-3.1.0.tgz",
      "integrity": "sha512-TBZRtohuFSK+Exn9VFtm7l4MvHstFtEH3uXMsHQE5LqyOhGnw1odQnVHdVTz792StPn9rywaSAdNQ2SsoBUunA==",
      "requires": {
        "date-utilz": "^0.0.3",
        "string-utilz": "^1.4.0"
      }
    },
    "promise": {
      "version": "8.1.0",
      "resolved": "https://registry.npmjs.org/promise/-/promise-8.1.0.tgz",
      "integrity": "sha512-W04AqnILOL/sPRXziNicCjSNRruLAuIHEOVBazepu0545DDNGYHz7ar9ZgZ1fMU8/MA4mVxp5rkBWRi6OXIy3Q==",
      "requires": {
        "asap": "~2.0.6"
      }
    },
    "server-lite": {
      "version": "2.0.0",
      "resolved": "https://registry.npmjs.org/server-lite/-/server-lite-2.0.0.tgz",
      "integrity": "sha512-oHF4D8iLZLXlnrEb0glwuMXbnM78gGFkOFh+djdHI3jCE1clmBjlo3badw66NsB7VuWhHIIhLQbkmFJGl6t/+g==",
      "requires": {
        "date-utilz": "^0.0.3",
        "output-manager": "^3.1.0",
        "promise": "^8.1.0",
        "string-utilz": "^1.4.0"
      }
    },
    "string-utilz": {
      "version": "1.4.0",
      "resolved": "https://registry.npmjs.org/string-utilz/-/string-utilz-1.4.0.tgz",
      "integrity": "sha512-VRQvdjA1l2Nq/nXHSRvFx+A376aUqoT0K4BFzHlqn7mRW9V34tzermXM7nqzREBDZnfd4mTqSX7kIdWAnIXsmw=="
    }
  }
}
